// !$*UTF8*$!
{
	archiveVersion = 1;
	classes = {
	};
	objectVersion = 77;
	objects = {

/* Begin PBXBuildFile section */
		03402B039CF9DF45B54DF223 /* GitHubService.swift in Sources */ = {isa = PBXBuildFile; fileRef = E7FECFDBD3D3AEC5E878025B /* GitHubService.swift */; };
		0399E2C3FC3CE96A33636492 /* LinkedAccountFlowTests.swift in Sources */ = {isa = PBXBuildFile; fileRef = 3AE3C8999685EA6F0930AE1F /* LinkedAccountFlowTests.swift */; };
		050E8AC29BD71DD2CE624EC5 /* AppState+OnboardingReset.swift in Sources */ = {isa = PBXBuildFile; fileRef = D6B40F8A738278BBEE256BDA /* AppState+OnboardingReset.swift */; };
		0AE4B7EF34A1275D3EB24F44 /* RuntimeServices.swift in Sources */ = {isa = PBXBuildFile; fileRef = 563F4A15EF8152B7B1B52D97 /* RuntimeServices.swift */; };
		0D0CAABB2A9B819C5AFD0056 /* BeMoreLinkedRelayStore.swift in Sources */ = {isa = PBXBuildFile; fileRef = 765B1C073CA1E977EA63F10D /* BeMoreLinkedRelayStore.swift */; };
		0D3B8230B5D99762D5B97A87 /* PixelStudioNativeCanvasView.swift in Sources */ = {isa = PBXBuildFile; fileRef = F2A163B808646C6C437B7833 /* PixelStudioNativeCanvasView.swift */; };
		0DB2ADC68BA8B2CD88033CFC /* BuddyEventEngine.swift in Sources */ = {isa = PBXBuildFile; fileRef = AA2F1BA65A96A5A4A01F3494 /* BuddyEventEngine.swift */; };
		123B73ACB2A5603DAF42148D /* ADMIN_TESTFLIGHT_RUNBOOK.md in Resources */ = {isa = PBXBuildFile; fileRef = A3D9625FAC37397348F059E3 /* ADMIN_TESTFLIGHT_RUNBOOK.md */; };
		129BA1E8296E3C91F12E4584 /* MISSION_CONTROL.md in Resources */ = {isa = PBXBuildFile; fileRef = DF2B131780B1BE1F7253BC07 /* MISSION_CONTROL.md */; };
		132AA71CEB44E6806B13FA31 /* OnboardingFlow.swift in Sources */ = {isa = PBXBuildFile; fileRef = 7B89E4C1DF487947E28A0B4A /* OnboardingFlow.swift */; };
		1336256F8F8FA06AF0952F7E /* BUDDY_SYSTEM.md in Resources */ = {isa = PBXBuildFile; fileRef = 83555EA80BA2C883DB264719 /* BUDDY_SYSTEM.md */; };
		143E627CD370A25348F1EE39 /* BeMoreCapabilityMirror.swift in Sources */ = {isa = PBXBuildFile; fileRef = 2740FE950F2636D09E098F60 /* BeMoreCapabilityMirror.swift */; };
		15CA2612F5AF8F3A4F69C1E0 /* buddy-runtime-events.schema.json in Resources */ = {isa = PBXBuildFile; fileRef = 88DD0F807A59AAAF582AE30F /* buddy-runtime-events.schema.json */; };
		16B10AB4B3797A3604750520 /* PixelStudioStoreTests.swift in Sources */ = {isa = PBXBuildFile; fileRef = B01D9C27C2C675DC0E7C06D8 /* PixelStudioStoreTests.swift */; };
		23CD030FD3A9AEF27CE63E43 /* buddy-runtime-events.v1.json in Resources */ = {isa = PBXBuildFile; fileRef = C2D2861D54E92B8C145B6B77 /* buddy-runtime-events.v1.json */; };
		2464451FB6121B2014117546 /* AppStateRuntimeTests.swift in Sources */ = {isa = PBXBuildFile; fileRef = 98417662936110DAC0CA5200 /* AppStateRuntimeTests.swift */; };
		252CC362EE9927FFEDBB2AE2 /* buddy-template-package.schema.json in Resources */ = {isa = PBXBuildFile; fileRef = 59C1C24DAF709E2C9DD49403 /* buddy-template-package.schema.json */; };
		271688E0D409AFEE6CE5B8C0 /* AppleIntegrationSettingsView.swift in Sources */ = {isa = PBXBuildFile; fileRef = 241DCB22C78DF36C3C2A609D /* AppleIntegrationSettingsView.swift */; };
		2B532B75996A8306DEBBDB63 /* BuddySections.swift in Sources */ = {isa = PBXBuildFile; fileRef = 266CBF759BB2F221B11B533C /* BuddySections.swift */; };
		324059BDEBAB61A0B8DB7C63 /* council-starter-pack.v1.json in Resources */ = {isa = PBXBuildFile; fileRef = 13654ED54356C5AFACBA4436 /* council-starter-pack.v1.json */; };
		33099B3104DA8E4B77CB5CCF /* FilesView.swift in Sources */ = {isa = PBXBuildFile; fileRef = DC311ADC2F4DF61A9BB8763D /* FilesView.swift */; };
		3DF5F42B1B208483D3C8805C /* EditorView.swift in Sources */ = {isa = PBXBuildFile; fileRef = 010CC4B6ABE96245F0C14F3D /* EditorView.swift */; };
		4044F16C457AD98E1350DDB3 /* BeMoreAgentApp.swift in Sources */ = {isa = PBXBuildFile; fileRef = 1BFDAC5F149148E014BDB615 /* BeMoreAgentApp.swift */; };
		4855967C3F46D35084EC248A /* SettingsView.swift in Sources */ = {isa = PBXBuildFile; fileRef = 9B560F8452BEB8745BAA93E4 /* SettingsView.swift */; };
		50365E3A78BD5C7DB71DD54A /* BuddyContractLoader.swift in Sources */ = {isa = PBXBuildFile; fileRef = 5A3943552B1F8D026724D81C /* BuddyContractLoader.swift */; };
		523A3B52D28C70E9E6476CFB /* BeMoreChatDispatch.swift in Sources */ = {isa = PBXBuildFile; fileRef = 3EF7694C83936C35C3E8A3EF /* BeMoreChatDispatch.swift */; };
		55862E2F2FD3476F95722B97 /* ChatView.swift in Sources */ = {isa = PBXBuildFile; fileRef = DA8F9B0D5D4BE9C0C2EC9076 /* ChatView.swift */; };
		5596A7B35B00C574CFA4D042 /* ContentView.swift in Sources */ = {isa = PBXBuildFile; fileRef = 47AF4C067CC5BC68C3943469 /* ContentView.swift */; };
		5CEC725C0477EFC1903BC9AE /* BuddyMarkdownRenderer.swift in Sources */ = {isa = PBXBuildFile; fileRef = A447024248BCA007AF107849 /* BuddyMarkdownRenderer.swift */; };
		5EF24DF578605E311326E970 /* LinkedAccountStore.swift in Sources */ = {isa = PBXBuildFile; fileRef = 69B4324900E1758762458D3A /* LinkedAccountStore.swift */; };
		5F23F3B5B7020FEA4AD355A5 /* StackBuilderModels.swift in Sources */ = {isa = PBXBuildFile; fileRef = 68D5353450039AC96C8EF3A1 /* StackBuilderModels.swift */; };
		63E1AB83DF78D6D15F6DCBF4 /* buddy-instance.schema.json in Resources */ = {isa = PBXBuildFile; fileRef = 4078CB06E5C5071B1AEB5ECA /* buddy-instance.schema.json */; };
		647B852D7F0297D70A75E6C1 /* PixelStudioNativeEditor.swift in Sources */ = {isa = PBXBuildFile; fileRef = 24DA04FF0EDA1DA4CE5A509F /* PixelStudioNativeEditor.swift */; };
		6684DE31954D8313EBB13921 /* AppModels.swift in Sources */ = {isa = PBXBuildFile; fileRef = 36E9E960D904E8D231D97375 /* AppModels.swift */; };
		66FC0371CE918F710A319FA1 /* MissionControlView.swift in Sources */ = {isa = PBXBuildFile; fileRef = CC34E7472D628E4C878C7D4B /* MissionControlView.swift */; };
		67349CD4776A811D3D278F81 /* Assets.xcassets in Resources */ = {isa = PBXBuildFile; fileRef = 00370968E9DD0F3114BE03D8 /* Assets.xcassets */; };
		69BA97F350DA93D8F966606A /* ArtifactsView.swift in Sources */ = {isa = PBXBuildFile; fileRef = CDE1D6932012F1B103772E50 /* ArtifactsView.swift */; };
		6A87E02CC7A3602254406DB9 /* BuddyPixelView.swift in Sources */ = {isa = PBXBuildFile; fileRef = 79189FEB9698AFBB082E5C11 /* BuddyPixelView.swift */; };
		6BC350868381F16E8199CD6E /* BuddyContracts.swift in Sources */ = {isa = PBXBuildFile; fileRef = 2C863A19F647331F16AC4221 /* BuddyContracts.swift */; };
		6C4ADB58761FA8CEA89CF1A4 /* BuddyVisualView.swift in Sources */ = {isa = PBXBuildFile; fileRef = 4420ABF1EC389009DF514137 /* BuddyVisualView.swift */; };
		6E28F92E146D9B4118987240 /* PixelStudioModels.swift in Sources */ = {isa = PBXBuildFile; fileRef = 78F5C09E05947011EA3A70D5 /* PixelStudioModels.swift */; };
		75CCEEDDDA846FF59E32043B /* StackBuilderStore.swift in Sources */ = {isa = PBXBuildFile; fileRef = 27EBD49028638577C29B153C /* StackBuilderStore.swift */; };
		7B51EDD38386F3FC74D17039 /* EditorWebView.swift in Sources */ = {isa = PBXBuildFile; fileRef = F01D580A6BCE76B31FACF2CD /* EditorWebView.swift */; };
		7D4C15F6FAEB07492896E9D1 /* BeMoreWorkspaceRuntime.swift in Sources */ = {isa = PBXBuildFile; fileRef = 0B67EEA7677A1F29F9D50745 /* BeMoreWorkspaceRuntime.swift */; };
		830F08B0EAACB13939F40450 /* Theme.swift in Sources */ = {isa = PBXBuildFile; fileRef = ADAB20243704E27AED92EC71 /* Theme.swift */; };
		83A11B17893B64B97F6CF38D /* BuddyView.swift in Sources */ = {isa = PBXBuildFile; fileRef = 00CEE20BF19C035E7E26D34F /* BuddyView.swift */; };
		8C14C88CEDFDDA7836EB7278 /* LinkedAccountSettingsView.swift in Sources */ = {isa = PBXBuildFile; fileRef = E09F7433CAA6B04AFDD00813 /* LinkedAccountSettingsView.swift */; };
		90814EB8783C8EFEB8A94F18 /* AppPreferences.swift in Sources */ = {isa = PBXBuildFile; fileRef = 213B2BC4AA157D082554BE9E /* AppPreferences.swift */; };
		91CF6BDC5C6CE18758B13E59 /* ChatTabView.swift in Sources */ = {isa = PBXBuildFile; fileRef = 292FAE87768026E100C6F5EA /* ChatTabView.swift */; };
		93C6FB195AC3C07900FFCFB7 /* BuddyAsciiView.swift in Sources */ = {isa = PBXBuildFile; fileRef = A7DEEA27091AFDDCB925FA78 /* BuddyAsciiView.swift */; };
		9AA239FBAEDB1C18C1766BFE /* COUNCIL_STARTER_PACK.md in Resources */ = {isa = PBXBuildFile; fileRef = 822FB2E18B1BE2E3808ED24D /* COUNCIL_STARTER_PACK.md */; };
		9D76FB6A7ADCB8C3FFA2DE0E /* buddy-creation-options.v1.json in Resources */ = {isa = PBXBuildFile; fileRef = AA3AB9FB537CB39DA10B349E /* buddy-creation-options.v1.json */; };
		9F4F08017919E300A977DB45 /* BeMoreCapabilityMirrorTests.swift in Sources */ = {isa = PBXBuildFile; fileRef = AD7B4DF2A69D1F91106A3B05 /* BeMoreCapabilityMirrorTests.swift */; };
		A2B833399061B09486FEB56D /* HomeTabView.swift in Sources */ = {isa = PBXBuildFile; fileRef = 18C5249364BCCA5C507E4FC0 /* HomeTabView.swift */; };
		A5DD7CD4F73FFCC187AA6A14 /* FilesTabView.swift in Sources */ = {isa = PBXBuildFile; fileRef = 894CDF4390BBDA228CC7FBD3 /* FilesTabView.swift */; };
		A73CD75488A81D76365CFE7D /* POKEMON_CHAMPIONS_TEAM_BUILDER_BACKEND.md in Resources */ = {isa = PBXBuildFile; fileRef = 0E18B18B2B13AED8320F492E /* POKEMON_CHAMPIONS_TEAM_BUILDER_BACKEND.md */; };
		A73ED1108EC89C9B4580958C /* BuddyAppearanceEditorView.swift in Sources */ = {isa = PBXBuildFile; fileRef = 0AC636706BA49E43373FA2EC /* BuddyAppearanceEditorView.swift */; };
		AB5F790ED8DBD20ABCFB9237 /* BeMoreChatDispatchTests.swift in Sources */ = {isa = PBXBuildFile; fileRef = 100128F33B7156476550D44E /* BeMoreChatDispatchTests.swift */; };
		AE4D1A93396B133A57CFDC79 /* HomeView.swift in Sources */ = {isa = PBXBuildFile; fileRef = 5B67337D600FBCC63131B49F /* HomeView.swift */; };
		BAF75EAB0C211D2B9B0CDF5E /* BuddyShortcuts.swift in Sources */ = {isa = PBXBuildFile; fileRef = 10BC1B347AB879EC6618BD2C /* BuddyShortcuts.swift */; };
		BF4EEB5D484119D04A9819D3 /* BuddyInstanceStore.swift in Sources */ = {isa = PBXBuildFile; fileRef = A2109042AAE3803793E5BCD4 /* BuddyInstanceStore.swift */; };
		BF8E5BCB05A83570D4481A71 /* MacPairingView.swift in Sources */ = {isa = PBXBuildFile; fileRef = 374355A842B897D2CBA658E1 /* MacPairingView.swift */; };
		C05B124C2FD782605FF3DB84 /* ModelsTabView.swift in Sources */ = {isa = PBXBuildFile; fileRef = E840DF5092277B07E6835E87 /* ModelsTabView.swift */; };
		C47339F6A54FB6C4EF874EA8 /* buddy-runtime-events.example.v1.json in Resources */ = {isa = PBXBuildFile; fileRef = 029070812FECDD019EABFE5A /* buddy-runtime-events.example.v1.json */; };
		C639D25D5E2D872067C674F8 /* buddy-state-machine.example.v1.json in Resources */ = {isa = PBXBuildFile; fileRef = BB9AD60B925BF53E43850922 /* buddy-state-machine.example.v1.json */; };
		CDD4A87BC4D4ECAF20C7874C /* buddy-system.schema.json in Resources */ = {isa = PBXBuildFile; fileRef = B2492C1A1171EA87D2825F3E /* buddy-system.schema.json */; };
		D1935ADE83AEE473694B728A /* buddy-instance.example.v1.json in Resources */ = {isa = PBXBuildFile; fileRef = D60B82C7FF773ED132019CC2 /* buddy-instance.example.v1.json */; };
		D48843F80B42A547C25F461F /* buddy-template-package.example.v1.json in Resources */ = {isa = PBXBuildFile; fileRef = 0FC3EACCF71DCBF07A8F12D4 /* buddy-template-package.example.v1.json */; };
		D4F021ABEBFC91C457C251A9 /* BuddyAppleIntegrationService.swift in Sources */ = {isa = PBXBuildFile; fileRef = 7AB7971C3FE6806475C00946 /* BuddyAppleIntegrationService.swift */; };
		D666BEEE38D2479A7B2919ED /* ModelsView.swift in Sources */ = {isa = PBXBuildFile; fileRef = 86CE3DC84C73AC6475FB9620 /* ModelsView.swift */; };
		D7DC9D1211CEA93782CADFB7 /* RepoSurfaceDetailView.swift in Sources */ = {isa = PBXBuildFile; fileRef = EE48FD3645ED608321400BB5 /* RepoSurfaceDetailView.swift */; };
		DB0C61D1FF1A5A2BBF064815 /* buddy-state-machine.v1.json in Resources */ = {isa = PBXBuildFile; fileRef = FBB5ABF97DA954529C307CDC /* buddy-state-machine.v1.json */; };
		DC499597B6A14E3FC52DFCE8 /* BuddyRuntimeTests.swift in Sources */ = {isa = PBXBuildFile; fileRef = 01918E461FB736E2F15B0BDE /* BuddyRuntimeTests.swift */; };
		ECE2B1BCF7ADF9361EA26F0F /* editor.html in Resources */ = {isa = PBXBuildFile; fileRef = 6C9C7A24250B6F3AD08E4B06 /* editor.html */; };
		EF8F39A3E6226FFA1FD3E9A4 /* buddy-state-machine.schema.json in Resources */ = {isa = PBXBuildFile; fileRef = 099AAA90D2E01C056832F61E /* buddy-state-machine.schema.json */; };
		F4D829FD2A5C7E6D652079C9 /* TextShareSheet.swift in Sources */ = {isa = PBXBuildFile; fileRef = 553746FA3677CEC0FC995772 /* TextShareSheet.swift */; };
		F869E1F0C2B2B542A9673800 /* PricingView.swift in Sources */ = {isa = PBXBuildFile; fileRef = 80511E10BA1B0BA0D5EF20CD /* PricingView.swift */; };
		FBC7F25D33532441BDAB3A02 /* buddy-creation-options.schema.json in Resources */ = {isa = PBXBuildFile; fileRef = 9458486E5D6B81CF7FE5CF26 /* buddy-creation-options.schema.json */; };
		FD091942C87E94F5B1F5EC2F /* BuddyMessageComposer.swift in Sources */ = {isa = PBXBuildFile; fileRef = 23C4570FA8C18E2EEAA49550 /* BuddyMessageComposer.swift */; };
		FE821C82F92F3F06487FEECD /* WebBrowserService.swift in Sources */ = {isa = PBXBuildFile; fileRef = 35A7E3F4783BF5FE1E200EF2 /* WebBrowserService.swift */; };
		FE9337F8299C2883890D1087 /* OAuthLinkService.swift in Sources */ = {isa = PBXBuildFile; fileRef = B17D61BFC19DB9DFDDC8D84A /* OAuthLinkService.swift */; };
		FF9377EA1093A057E09ED1A0 /* buddy-progression.v1.json in Resources */ = {isa = PBXBuildFile; fileRef = 755F6AFB131E7E2031FCD4FE /* buddy-progression.v1.json */; };
/* End PBXBuildFile section */

/* Begin PBXContainerItemProxy section */
		A387D53D1F5B4F72FB087EB6 /* PBXContainerItemProxy */ = {
			isa = PBXContainerItemProxy;
			containerPortal = 45BBB0D016542C9F6209A3AB /* Project object */;
			proxyType = 1;
			remoteGlobalIDString = 993454E45436E5322D80D5FF;
			remoteInfo = BeMoreAgent;
		};
/* End PBXContainerItemProxy section */

/* Begin PBXFileReference section */
		00370968E9DD0F3114BE03D8 /* Assets.xcassets */ = {isa = PBXFileReference; lastKnownFileType = folder.assetcatalog; path = Assets.xcassets; sourceTree = "<group>"; };
		00CEE20BF19C035E7E26D34F /* BuddyView.swift */ = {isa = PBXFileReference; lastKnownFileType = sourcecode.swift; path = BuddyView.swift; sourceTree = "<group>"; };
		010CC4B6ABE96245F0C14F3D /* EditorView.swift */ = {isa = PBXFileReference; lastKnownFileType = sourcecode.swift; path = EditorView.swift; sourceTree = "<group>"; };
		01918E461FB736E2F15B0BDE /* BuddyRuntimeTests.swift */ = {isa = PBXFileReference; lastKnownFileType = sourcecode.swift; path = BuddyRuntimeTests.swift; sourceTree = "<group>"; };
		029070812FECDD019EABFE5A /* buddy-runtime-events.example.v1.json */ = {isa = PBXFileReference; lastKnownFileType = text.json; path = "buddy-runtime-events.example.v1.json"; sourceTree = "<group>"; };
		099AAA90D2E01C056832F61E /* buddy-state-machine.schema.json */ = {isa = PBXFileReference; lastKnownFileType = text.json; path = "buddy-state-machine.schema.json"; sourceTree = "<group>"; };
		0AC636706BA49E43373FA2EC /* BuddyAppearanceEditorView.swift */ = {isa = PBXFileReference; lastKnownFileType = sourcecode.swift; path = BuddyAppearanceEditorView.swift; sourceTree = "<group>"; };
		0B67EEA7677A1F29F9D50745 /* BeMoreWorkspaceRuntime.swift */ = {isa = PBXFileReference; lastKnownFileType = sourcecode.swift; path = BeMoreWorkspaceRuntime.swift; sourceTree = "<group>"; };
		0E18B18B2B13AED8320F492E /* POKEMON_CHAMPIONS_TEAM_BUILDER_BACKEND.md */ = {isa = PBXFileReference; lastKnownFileType = net.daringfireball.markdown; path = POKEMON_CHAMPIONS_TEAM_BUILDER_BACKEND.md; sourceTree = "<group>"; };
		0FC3EACCF71DCBF07A8F12D4 /* buddy-template-package.example.v1.json */ = {isa = PBXFileReference; lastKnownFileType = text.json; path = "buddy-template-package.example.v1.json"; sourceTree = "<group>"; };
		100128F33B7156476550D44E /* BeMoreChatDispatchTests.swift */ = {isa = PBXFileReference; lastKnownFileType = sourcecode.swift; path = BeMoreChatDispatchTests.swift; sourceTree = "<group>"; };
		10BC1B347AB879EC6618BD2C /* BuddyShortcuts.swift */ = {isa = PBXFileReference; lastKnownFileType = sourcecode.swift; path = BuddyShortcuts.swift; sourceTree = "<group>"; };
		13654ED54356C5AFACBA4436 /* council-starter-pack.v1.json */ = {isa = PBXFileReference; lastKnownFileType = text.json; path = "council-starter-pack.v1.json"; sourceTree = "<group>"; };
		18C5249364BCCA5C507E4FC0 /* HomeTabView.swift */ = {isa = PBXFileReference; lastKnownFileType = sourcecode.swift; path = HomeTabView.swift; sourceTree = "<group>"; };
		1BFDAC5F149148E014BDB615 /* BeMoreAgentApp.swift */ = {isa = PBXFileReference; lastKnownFileType = sourcecode.swift; path = BeMoreAgentApp.swift; sourceTree = "<group>"; };
		213B2BC4AA157D082554BE9E /* AppPreferences.swift */ = {isa = PBXFileReference; lastKnownFileType = sourcecode.swift; path = AppPreferences.swift; sourceTree = "<group>"; };
		23C4570FA8C18E2EEAA49550 /* BuddyMessageComposer.swift */ = {isa = PBXFileReference; lastKnownFileType = sourcecode.swift; path = BuddyMessageComposer.swift; sourceTree = "<group>"; };
		241DCB22C78DF36C3C2A609D /* AppleIntegrationSettingsView.swift */ = {isa = PBXFileReference; lastKnownFileType = sourcecode.swift; path = AppleIntegrationSettingsView.swift; sourceTree = "<group>"; };
		24DA04FF0EDA1DA4CE5A509F /* PixelStudioNativeEditor.swift */ = {isa = PBXFileReference; lastKnownFileType = sourcecode.swift; path = PixelStudioNativeEditor.swift; sourceTree = "<group>"; };
		266CBF759BB2F221B11B533C /* BuddySections.swift */ = {isa = PBXFileReference; lastKnownFileType = sourcecode.swift; path = BuddySections.swift; sourceTree = "<group>"; };
		2740FE950F2636D09E098F60 /* BeMoreCapabilityMirror.swift */ = {isa = PBXFileReference; lastKnownFileType = sourcecode.swift; path = BeMoreCapabilityMirror.swift; sourceTree = "<group>"; };
		27EBD49028638577C29B153C /* StackBuilderStore.swift */ = {isa = PBXFileReference; lastKnownFileType = sourcecode.swift; path = StackBuilderStore.swift; sourceTree = "<group>"; };
		292FAE87768026E100C6F5EA /* ChatTabView.swift */ = {isa = PBXFileReference; lastKnownFileType = sourcecode.swift; path = ChatTabView.swift; sourceTree = "<group>"; };
		2C863A19F647331F16AC4221 /* BuddyContracts.swift */ = {isa = PBXFileReference; lastKnownFileType = sourcecode.swift; path = BuddyContracts.swift; sourceTree = "<group>"; };
		35A7E3F4783BF5FE1E200EF2 /* WebBrowserService.swift */ = {isa = PBXFileReference; lastKnownFileType = sourcecode.swift; path = WebBrowserService.swift; sourceTree = "<group>"; };
		36E9E960D904E8D231D97375 /* AppModels.swift */ = {isa = PBXFileReference; lastKnownFileType = sourcecode.swift; path = AppModels.swift; sourceTree = "<group>"; };
		374355A842B897D2CBA658E1 /* MacPairingView.swift */ = {isa = PBXFileReference; lastKnownFileType = sourcecode.swift; path = MacPairingView.swift; sourceTree = "<group>"; };
		3AE3C8999685EA6F0930AE1F /* LinkedAccountFlowTests.swift */ = {isa = PBXFileReference; lastKnownFileType = sourcecode.swift; path = LinkedAccountFlowTests.swift; sourceTree = "<group>"; };
		3EF7694C83936C35C3E8A3EF /* BeMoreChatDispatch.swift */ = {isa = PBXFileReference; lastKnownFileType = sourcecode.swift; path = BeMoreChatDispatch.swift; sourceTree = "<group>"; };
		4078CB06E5C5071B1AEB5ECA /* buddy-instance.schema.json */ = {isa = PBXFileReference; lastKnownFileType = text.json; path = "buddy-instance.schema.json"; sourceTree = "<group>"; };
		4420ABF1EC389009DF514137 /* BuddyVisualView.swift */ = {isa = PBXFileReference; lastKnownFileType = sourcecode.swift; path = BuddyVisualView.swift; sourceTree = "<group>"; };
		47AF4C067CC5BC68C3943469 /* ContentView.swift */ = {isa = PBXFileReference; lastKnownFileType = sourcecode.swift; path = ContentView.swift; sourceTree = "<group>"; };
		553746FA3677CEC0FC995772 /* TextShareSheet.swift */ = {isa = PBXFileReference; lastKnownFileType = sourcecode.swift; path = TextShareSheet.swift; sourceTree = "<group>"; };
		563F4A15EF8152B7B1B52D97 /* RuntimeServices.swift */ = {isa = PBXFileReference; lastKnownFileType = sourcecode.swift; path = RuntimeServices.swift; sourceTree = "<group>"; };
		59C1C24DAF709E2C9DD49403 /* buddy-template-package.schema.json */ = {isa = PBXFileReference; lastKnownFileType = text.json; path = "buddy-template-package.schema.json"; sourceTree = "<group>"; };
		5A3943552B1F8D026724D81C /* BuddyContractLoader.swift */ = {isa = PBXFileReference; lastKnownFileType = sourcecode.swift; path = BuddyContractLoader.swift; sourceTree = "<group>"; };
		5B67337D600FBCC63131B49F /* HomeView.swift */ = {isa = PBXFileReference; lastKnownFileType = sourcecode.swift; path = HomeView.swift; sourceTree = "<group>"; };
		68D5353450039AC96C8EF3A1 /* StackBuilderModels.swift */ = {isa = PBXFileReference; lastKnownFileType = sourcecode.swift; path = StackBuilderModels.swift; sourceTree = "<group>"; };
		68E631649D1938DC4471333D /* Info.plist */ = {isa = PBXFileReference; lastKnownFileType = text.plist; path = Info.plist; sourceTree = "<group>"; };
		69B4324900E1758762458D3A /* LinkedAccountStore.swift */ = {isa = PBXFileReference; lastKnownFileType = sourcecode.swift; path = LinkedAccountStore.swift; sourceTree = "<group>"; };
		6C9C7A24250B6F3AD08E4B06 /* editor.html */ = {isa = PBXFileReference; lastKnownFileType = text.html; path = editor.html; sourceTree = "<group>"; };
		755F6AFB131E7E2031FCD4FE /* buddy-progression.v1.json */ = {isa = PBXFileReference; lastKnownFileType = text.json; path = "buddy-progression.v1.json"; sourceTree = "<group>"; };
		765B1C073CA1E977EA63F10D /* BeMoreLinkedRelayStore.swift */ = {isa = PBXFileReference; lastKnownFileType = sourcecode.swift; path = BeMoreLinkedRelayStore.swift; sourceTree = "<group>"; };
		78F5C09E05947011EA3A70D5 /* PixelStudioModels.swift */ = {isa = PBXFileReference; lastKnownFileType = sourcecode.swift; path = PixelStudioModels.swift; sourceTree = "<group>"; };
		79189FEB9698AFBB082E5C11 /* BuddyPixelView.swift */ = {isa = PBXFileReference; lastKnownFileType = sourcecode.swift; path = BuddyPixelView.swift; sourceTree = "<group>"; };
		7AB7971C3FE6806475C00946 /* BuddyAppleIntegrationService.swift */ = {isa = PBXFileReference; lastKnownFileType = sourcecode.swift; path = BuddyAppleIntegrationService.swift; sourceTree = "<group>"; };
		7B89E4C1DF487947E28A0B4A /* OnboardingFlow.swift */ = {isa = PBXFileReference; lastKnownFileType = sourcecode.swift; path = OnboardingFlow.swift; sourceTree = "<group>"; };
		80511E10BA1B0BA0D5EF20CD /* PricingView.swift */ = {isa = PBXFileReference; lastKnownFileType = sourcecode.swift; path = PricingView.swift; sourceTree = "<group>"; };
		822FB2E18B1BE2E3808ED24D /* COUNCIL_STARTER_PACK.md */ = {isa = PBXFileReference; lastKnownFileType = net.daringfireball.markdown; path = COUNCIL_STARTER_PACK.md; sourceTree = "<group>"; };
		83555EA80BA2C883DB264719 /* BUDDY_SYSTEM.md */ = {isa = PBXFileReference; lastKnownFileType = net.daringfireball.markdown; path = BUDDY_SYSTEM.md; sourceTree = "<group>"; };
		86CE3DC84C73AC6475FB9620 /* ModelsView.swift */ = {isa = PBXFileReference; lastKnownFileType = sourcecode.swift; path = ModelsView.swift; sourceTree = "<group>"; };
		88DD0F807A59AAAF582AE30F /* buddy-runtime-events.schema.json */ = {isa = PBXFileReference; lastKnownFileType = text.json; path = "buddy-runtime-events.schema.json"; sourceTree = "<group>"; };
		894CDF4390BBDA228CC7FBD3 /* FilesTabView.swift */ = {isa = PBXFileReference; lastKnownFileType = sourcecode.swift; path = FilesTabView.swift; sourceTree = "<group>"; };
		9458486E5D6B81CF7FE5CF26 /* buddy-creation-options.schema.json */ = {isa = PBXFileReference; lastKnownFileType = text.json; path = "buddy-creation-options.schema.json"; sourceTree = "<group>"; };
		98417662936110DAC0CA5200 /* AppStateRuntimeTests.swift */ = {isa = PBXFileReference; lastKnownFileType = sourcecode.swift; path = AppStateRuntimeTests.swift; sourceTree = "<group>"; };
		9B560F8452BEB8745BAA93E4 /* SettingsView.swift */ = {isa = PBXFileReference; lastKnownFileType = sourcecode.swift; path = SettingsView.swift; sourceTree = "<group>"; };
		A2109042AAE3803793E5BCD4 /* BuddyInstanceStore.swift */ = {isa = PBXFileReference; lastKnownFileType = sourcecode.swift; path = BuddyInstanceStore.swift; sourceTree = "<group>"; };
		A3D9625FAC37397348F059E3 /* ADMIN_TESTFLIGHT_RUNBOOK.md */ = {isa = PBXFileReference; lastKnownFileType = net.daringfireball.markdown; path = ADMIN_TESTFLIGHT_RUNBOOK.md; sourceTree = "<group>"; };
		A447024248BCA007AF107849 /* BuddyMarkdownRenderer.swift */ = {isa = PBXFileReference; lastKnownFileType = sourcecode.swift; path = BuddyMarkdownRenderer.swift; sourceTree = "<group>"; };
		A6BB7B608FD402914D5E419A /* BeMoreAgent.app */ = {isa = PBXFileReference; includeInIndex = 0; lastKnownFileType = wrapper.application; path = BeMoreAgent.app; sourceTree = BUILT_PRODUCTS_DIR; };
		A7DEEA27091AFDDCB925FA78 /* BuddyAsciiView.swift */ = {isa = PBXFileReference; lastKnownFileType = sourcecode.swift; path = BuddyAsciiView.swift; sourceTree = "<group>"; };
		AA2F1BA65A96A5A4A01F3494 /* BuddyEventEngine.swift */ = {isa = PBXFileReference; lastKnownFileType = sourcecode.swift; path = BuddyEventEngine.swift; sourceTree = "<group>"; };
		AA3AB9FB537CB39DA10B349E /* buddy-creation-options.v1.json */ = {isa = PBXFileReference; lastKnownFileType = text.json; path = "buddy-creation-options.v1.json"; sourceTree = "<group>"; };
		AD7B4DF2A69D1F91106A3B05 /* BeMoreCapabilityMirrorTests.swift */ = {isa = PBXFileReference; lastKnownFileType = sourcecode.swift; path = BeMoreCapabilityMirrorTests.swift; sourceTree = "<group>"; };
		ADAB20243704E27AED92EC71 /* Theme.swift */ = {isa = PBXFileReference; lastKnownFileType = sourcecode.swift; path = Theme.swift; sourceTree = "<group>"; };
		B01D9C27C2C675DC0E7C06D8 /* PixelStudioStoreTests.swift */ = {isa = PBXFileReference; lastKnownFileType = sourcecode.swift; path = PixelStudioStoreTests.swift; sourceTree = "<group>"; };
		B17D61BFC19DB9DFDDC8D84A /* OAuthLinkService.swift */ = {isa = PBXFileReference; lastKnownFileType = sourcecode.swift; path = OAuthLinkService.swift; sourceTree = "<group>"; };
		B2492C1A1171EA87D2825F3E /* buddy-system.schema.json */ = {isa = PBXFileReference; lastKnownFileType = text.json; path = "buddy-system.schema.json"; sourceTree = "<group>"; };
		BB9AD60B925BF53E43850922 /* buddy-state-machine.example.v1.json */ = {isa = PBXFileReference; lastKnownFileType = text.json; path = "buddy-state-machine.example.v1.json"; sourceTree = "<group>"; };
		C2619477DC09F87DEF80B84E /* BeMoreAgentTests.xctest */ = {isa = PBXFileReference; includeInIndex = 0; lastKnownFileType = wrapper.cfbundle; path = BeMoreAgentTests.xctest; sourceTree = BUILT_PRODUCTS_DIR; };
		C2D2861D54E92B8C145B6B77 /* buddy-runtime-events.v1.json */ = {isa = PBXFileReference; lastKnownFileType = text.json; path = "buddy-runtime-events.v1.json"; sourceTree = "<group>"; };
		CC34E7472D628E4C878C7D4B /* MissionControlView.swift */ = {isa = PBXFileReference; lastKnownFileType = sourcecode.swift; path = MissionControlView.swift; sourceTree = "<group>"; };
		CDE1D6932012F1B103772E50 /* ArtifactsView.swift */ = {isa = PBXFileReference; lastKnownFileType = sourcecode.swift; path = ArtifactsView.swift; sourceTree = "<group>"; };
		D60B82C7FF773ED132019CC2 /* buddy-instance.example.v1.json */ = {isa = PBXFileReference; lastKnownFileType = text.json; path = "buddy-instance.example.v1.json"; sourceTree = "<group>"; };
		D6B40F8A738278BBEE256BDA /* AppState+OnboardingReset.swift */ = {isa = PBXFileReference; lastKnownFileType = sourcecode.swift; path = "AppState+OnboardingReset.swift"; sourceTree = "<group>"; };
		DA8F9B0D5D4BE9C0C2EC9076 /* ChatView.swift */ = {isa = PBXFileReference; lastKnownFileType = sourcecode.swift; path = ChatView.swift; sourceTree = "<group>"; };
		DC311ADC2F4DF61A9BB8763D /* FilesView.swift */ = {isa = PBXFileReference; lastKnownFileType = sourcecode.swift; path = FilesView.swift; sourceTree = "<group>"; };
		DF2B131780B1BE1F7253BC07 /* MISSION_CONTROL.md */ = {isa = PBXFileReference; lastKnownFileType = net.daringfireball.markdown; path = MISSION_CONTROL.md; sourceTree = "<group>"; };
		E09F7433CAA6B04AFDD00813 /* LinkedAccountSettingsView.swift */ = {isa = PBXFileReference; lastKnownFileType = sourcecode.swift; path = LinkedAccountSettingsView.swift; sourceTree = "<group>"; };
		E7FECFDBD3D3AEC5E878025B /* GitHubService.swift */ = {isa = PBXFileReference; lastKnownFileType = sourcecode.swift; path = GitHubService.swift; sourceTree = "<group>"; };
		E840DF5092277B07E6835E87 /* ModelsTabView.swift */ = {isa = PBXFileReference; lastKnownFileType = sourcecode.swift; path = ModelsTabView.swift; sourceTree = "<group>"; };
		EE48FD3645ED608321400BB5 /* RepoSurfaceDetailView.swift */ = {isa = PBXFileReference; lastKnownFileType = sourcecode.swift; path = RepoSurfaceDetailView.swift; sourceTree = "<group>"; };
		F01D580A6BCE76B31FACF2CD /* EditorWebView.swift */ = {isa = PBXFileReference; lastKnownFileType = sourcecode.swift; path = EditorWebView.swift; sourceTree = "<group>"; };
		F2A163B808646C6C437B7833 /* PixelStudioNativeCanvasView.swift */ = {isa = PBXFileReference; lastKnownFileType = sourcecode.swift; path = PixelStudioNativeCanvasView.swift; sourceTree = "<group>"; };
		FBB5ABF97DA954529C307CDC /* buddy-state-machine.v1.json */ = {isa = PBXFileReference; lastKnownFileType = text.json; path = "buddy-state-machine.v1.json"; sourceTree = "<group>"; };
/* End PBXFileReference section */

/* Begin PBXGroup section */
		12BA91220692A5C3F0E44C1A /* docs */ = {
			isa = PBXGroup;
			children = (
				A3D9625FAC37397348F059E3 /* ADMIN_TESTFLIGHT_RUNBOOK.md */,
				83555EA80BA2C883DB264719 /* BUDDY_SYSTEM.md */,
				822FB2E18B1BE2E3808ED24D /* COUNCIL_STARTER_PACK.md */,
				DF2B131780B1BE1F7253BC07 /* MISSION_CONTROL.md */,
				0E18B18B2B13AED8320F492E /* POKEMON_CHAMPIONS_TEAM_BUILDER_BACKEND.md */,
			);
			path = docs;
			sourceTree = "<group>";
		};
		13C8E5A7E5CBDE23DC866ABA /* Products */ = {
			isa = PBXGroup;
			children = (
				A6BB7B608FD402914D5E419A /* BeMoreAgent.app */,
				C2619477DC09F87DEF80B84E /* BeMoreAgentTests.xctest */,
			);
			name = Products;
			sourceTree = "<group>";
		};
		14E9F24F2ED95FBA596E5307 /* Stores */ = {
			isa = PBXGroup;
			children = (
				27EBD49028638577C29B153C /* StackBuilderStore.swift */,
			);
			path = Stores;
			sourceTree = "<group>";
		};
		298D8CC0F0B4E7B2E8E62D8E /* Models */ = {
			isa = PBXGroup;
			children = (
				E840DF5092277B07E6835E87 /* ModelsTabView.swift */,
			);
			path = Models;
			sourceTree = "<group>";
		};
		30DDD48E629CD820A2DB24A5 /* Capabilities */ = {
			isa = PBXGroup;
			children = (
				2740FE950F2636D09E098F60 /* BeMoreCapabilityMirror.swift */,
			);
			path = Capabilities;
			sourceTree = "<group>";
		};
		38DB3DF38AB1262601E0C2CF /* Assets */ = {
			isa = PBXGroup;
			children = (
				6C9C7A24250B6F3AD08E4B06 /* editor.html */,
			);
			path = Assets;
			sourceTree = "<group>";
		};
		3A3C80D7022AB9671E622169 /* Chat */ = {
			isa = PBXGroup;
			children = (
				292FAE87768026E100C6F5EA /* ChatTabView.swift */,
			);
			path = Chat;
			sourceTree = "<group>";
		};
		3AE4F6BCC85F2D6C8D936AF5 /* Networking */ = {
			isa = PBXGroup;
			children = (
				765B1C073CA1E977EA63F10D /* BeMoreLinkedRelayStore.swift */,
			);
			path = Networking;
			sourceTree = "<group>";
		};
		5C63451D7137654B420BCFBB /* examples */ = {
			isa = PBXGroup;
			children = (
				FD1C466775935BABBAD70C82 /* buddy */,
			);
			path = examples;
			sourceTree = "<group>";
		};
		644A1062CBEA9EF1CA511EE5 = {
			isa = PBXGroup;
			children = (
				C8230BEA7CF80955A86ECFF8 /* BeMoreAgentShell */,
				FCCD2980B2CA5C78533043FA /* BeMoreAgentShellTests */,
				13C8E5A7E5CBDE23DC866ABA /* Products */,
			);
			sourceTree = "<group>";
		};
		671B1C782091015C487BE06F /* schemas */ = {
			isa = PBXGroup;
			children = (
				9458486E5D6B81CF7FE5CF26 /* buddy-creation-options.schema.json */,
				4078CB06E5C5071B1AEB5ECA /* buddy-instance.schema.json */,
				88DD0F807A59AAAF582AE30F /* buddy-runtime-events.schema.json */,
				099AAA90D2E01C056832F61E /* buddy-state-machine.schema.json */,
				B2492C1A1171EA87D2825F3E /* buddy-system.schema.json */,
				59C1C24DAF709E2C9DD49403 /* buddy-template-package.schema.json */,
			);
			path = schemas;
			sourceTree = "<group>";
		};
		700F3E0F26718C48793F2054 /* Buddy */ = {
			isa = PBXGroup;
			children = (
				0AC636706BA49E43373FA2EC /* BuddyAppearanceEditorView.swift */,
				266CBF759BB2F221B11B533C /* BuddySections.swift */,
			);
			path = Buddy;
			sourceTree = "<group>";
		};
		70A53BC3BC2B6AF65F9A5B2F /* config */ = {
			isa = PBXGroup;
			children = (
				E0740F98FDACD6F8C07AF11A /* buddy */,
			);
			path = config;
			sourceTree = "<group>";
		};
		7607C0B3D38C59F25EA162C0 /* Views */ = {
			isa = PBXGroup;
			children = (
				241DCB22C78DF36C3C2A609D /* AppleIntegrationSettingsView.swift */,
				CDE1D6932012F1B103772E50 /* ArtifactsView.swift */,
				A7DEEA27091AFDDCB925FA78 /* BuddyAsciiView.swift */,
				79189FEB9698AFBB082E5C11 /* BuddyPixelView.swift */,
				00CEE20BF19C035E7E26D34F /* BuddyView.swift */,
				4420ABF1EC389009DF514137 /* BuddyVisualView.swift */,
				DA8F9B0D5D4BE9C0C2EC9076 /* ChatView.swift */,
				F01D580A6BCE76B31FACF2CD /* EditorWebView.swift */,
				DC311ADC2F4DF61A9BB8763D /* FilesView.swift */,
				5B67337D600FBCC63131B49F /* HomeView.swift */,
				E09F7433CAA6B04AFDD00813 /* LinkedAccountSettingsView.swift */,
				374355A842B897D2CBA658E1 /* MacPairingView.swift */,
				CC34E7472D628E4C878C7D4B /* MissionControlView.swift */,
				86CE3DC84C73AC6475FB9620 /* ModelsView.swift */,
				80511E10BA1B0BA0D5EF20CD /* PricingView.swift */,
				EE48FD3645ED608321400BB5 /* RepoSurfaceDetailView.swift */,
				9B560F8452BEB8745BAA93E4 /* SettingsView.swift */,
				553746FA3677CEC0FC995772 /* TextShareSheet.swift */,
			);
			path = Views;
			sourceTree = "<group>";
		};
		767C725551D18DCEF256F26D /* Features */ = {
			isa = PBXGroup;
			children = (
				700F3E0F26718C48793F2054 /* Buddy */,
				3A3C80D7022AB9671E622169 /* Chat */,
				D5233DEB6C6DCF699F2F896A /* Editor */,
				78385BEEC66E7C34BECABF98 /* Files */,
				A2A3669A0823826EE6E09DE6 /* Home */,
				298D8CC0F0B4E7B2E8E62D8E /* Models */,
			);
			path = Features;
			sourceTree = "<group>";
		};
		78385BEEC66E7C34BECABF98 /* Files */ = {
			isa = PBXGroup;
			children = (
				894CDF4390BBDA228CC7FBD3 /* FilesTabView.swift */,
			);
			path = Files;
			sourceTree = "<group>";
		};
		9F069F8867564BB5416908E9 /* RepoResources */ = {
			isa = PBXGroup;
			children = (
				70A53BC3BC2B6AF65F9A5B2F /* config */,
				12BA91220692A5C3F0E44C1A /* docs */,
				5C63451D7137654B420BCFBB /* examples */,
				671B1C782091015C487BE06F /* schemas */,
			);
			path = RepoResources;
			sourceTree = "<group>";
		};
		A2A3669A0823826EE6E09DE6 /* Home */ = {
			isa = PBXGroup;
			children = (
				18C5249364BCCA5C507E4FC0 /* HomeTabView.swift */,
			);
			path = Home;
			sourceTree = "<group>";
		};
		B3B766EF65CAEA1DCAD76F52 /* Models */ = {
			isa = PBXGroup;
			children = (
				68D5353450039AC96C8EF3A1 /* StackBuilderModels.swift */,
			);
			path = Models;
			sourceTree = "<group>";
		};
		C8230BEA7CF80955A86ECFF8 /* BeMoreAgentShell */ = {
			isa = PBXGroup;
			children = (
				36E9E960D904E8D231D97375 /* AppModels.swift */,
				213B2BC4AA157D082554BE9E /* AppPreferences.swift */,
				D6B40F8A738278BBEE256BDA /* AppState+OnboardingReset.swift */,
				00370968E9DD0F3114BE03D8 /* Assets.xcassets */,
				1BFDAC5F149148E014BDB615 /* BeMoreAgentApp.swift */,
				3EF7694C83936C35C3E8A3EF /* BeMoreChatDispatch.swift */,
				0B67EEA7677A1F29F9D50745 /* BeMoreWorkspaceRuntime.swift */,
				7AB7971C3FE6806475C00946 /* BuddyAppleIntegrationService.swift */,
				5A3943552B1F8D026724D81C /* BuddyContractLoader.swift */,
				2C863A19F647331F16AC4221 /* BuddyContracts.swift */,
				AA2F1BA65A96A5A4A01F3494 /* BuddyEventEngine.swift */,
				A2109042AAE3803793E5BCD4 /* BuddyInstanceStore.swift */,
				A447024248BCA007AF107849 /* BuddyMarkdownRenderer.swift */,
				23C4570FA8C18E2EEAA49550 /* BuddyMessageComposer.swift */,
				10BC1B347AB879EC6618BD2C /* BuddyShortcuts.swift */,
				47AF4C067CC5BC68C3943469 /* ContentView.swift */,
				E7FECFDBD3D3AEC5E878025B /* GitHubService.swift */,
				68E631649D1938DC4471333D /* Info.plist */,
				7B89E4C1DF487947E28A0B4A /* OnboardingFlow.swift */,
				563F4A15EF8152B7B1B52D97 /* RuntimeServices.swift */,
				ADAB20243704E27AED92EC71 /* Theme.swift */,
				35A7E3F4783BF5FE1E200EF2 /* WebBrowserService.swift */,
				38DB3DF38AB1262601E0C2CF /* Assets */,
				30DDD48E629CD820A2DB24A5 /* Capabilities */,
				767C725551D18DCEF256F26D /* Features */,
				B3B766EF65CAEA1DCAD76F52 /* Models */,
				3AE4F6BCC85F2D6C8D936AF5 /* Networking */,
				9F069F8867564BB5416908E9 /* RepoResources */,
				FA4EA554D80AF0A12AB3534F /* Services */,
				14E9F24F2ED95FBA596E5307 /* Stores */,
				7607C0B3D38C59F25EA162C0 /* Views */,
			);
			path = BeMoreAgentShell;
			sourceTree = "<group>";
		};
		D5233DEB6C6DCF699F2F896A /* Editor */ = {
			isa = PBXGroup;
			children = (
				010CC4B6ABE96245F0C14F3D /* EditorView.swift */,
				78F5C09E05947011EA3A70D5 /* PixelStudioModels.swift */,
				F2A163B808646C6C437B7833 /* PixelStudioNativeCanvasView.swift */,
				24DA04FF0EDA1DA4CE5A509F /* PixelStudioNativeEditor.swift */,
			);
			path = Editor;
			sourceTree = "<group>";
		};
		E0740F98FDACD6F8C07AF11A /* buddy */ = {
			isa = PBXGroup;
			children = (
				AA3AB9FB537CB39DA10B349E /* buddy-creation-options.v1.json */,
				755F6AFB131E7E2031FCD4FE /* buddy-progression.v1.json */,
				C2D2861D54E92B8C145B6B77 /* buddy-runtime-events.v1.json */,
				FBB5ABF97DA954529C307CDC /* buddy-state-machine.v1.json */,
				13654ED54356C5AFACBA4436 /* council-starter-pack.v1.json */,
			);
			path = buddy;
			sourceTree = "<group>";
		};
		FA4EA554D80AF0A12AB3534F /* Services */ = {
			isa = PBXGroup;
			children = (
				69B4324900E1758762458D3A /* LinkedAccountStore.swift */,
				B17D61BFC19DB9DFDDC8D84A /* OAuthLinkService.swift */,
			);
			path = Services;
			sourceTree = "<group>";
		};
		FCCD2980B2CA5C78533043FA /* BeMoreAgentShellTests */ = {
			isa = PBXGroup;
			children = (
				98417662936110DAC0CA5200 /* AppStateRuntimeTests.swift */,
				AD7B4DF2A69D1F91106A3B05 /* BeMoreCapabilityMirrorTests.swift */,
				100128F33B7156476550D44E /* BeMoreChatDispatchTests.swift */,
				01918E461FB736E2F15B0BDE /* BuddyRuntimeTests.swift */,
				3AE3C8999685EA6F0930AE1F /* LinkedAccountFlowTests.swift */,
				B01D9C27C2C675DC0E7C06D8 /* PixelStudioStoreTests.swift */,
			);
			path = BeMoreAgentShellTests;
			sourceTree = "<group>";
		};
		FD1C466775935BABBAD70C82 /* buddy */ = {
			isa = PBXGroup;
			children = (
				D60B82C7FF773ED132019CC2 /* buddy-instance.example.v1.json */,
				029070812FECDD019EABFE5A /* buddy-runtime-events.example.v1.json */,
				BB9AD60B925BF53E43850922 /* buddy-state-machine.example.v1.json */,
				0FC3EACCF71DCBF07A8F12D4 /* buddy-template-package.example.v1.json */,
			);
			path = buddy;
			sourceTree = "<group>";
		};
/* End PBXGroup section */

/* Begin PBXNativeTarget section */
		993454E45436E5322D80D5FF /* BeMoreAgent */ = {
			isa = PBXNativeTarget;
			buildConfigurationList = F73DE249EBD8EEFB81DE7FCA /* Build configuration list for PBXNativeTarget "BeMoreAgent" */;
			buildPhases = (
				0EB8D4A964FB33841F50725B /* Sources */,
				BFC962CFF824BF7F234CEDDB /* Resources */,
			);
			buildRules = (
			);
			dependencies = (
			);
			name = BeMoreAgent;
			packageProductDependencies = (
			);
			productName = BeMoreAgent;
			productReference = A6BB7B608FD402914D5E419A /* BeMoreAgent.app */;
			productType = "com.apple.product-type.application";
		};
		9CC61451448879F908CAE7B7 /* BeMoreAgentTests */ = {
			isa = PBXNativeTarget;
			buildConfigurationList = 1AD4919E8188D164C8BD4B6C /* Build configuration list for PBXNativeTarget "BeMoreAgentTests" */;
			buildPhases = (
				BF71687D7EA753661B270C5A /* Sources */,
			);
			buildRules = (
			);
			dependencies = (
				EB68BB5B958753345A693C06 /* PBXTargetDependency */,
			);
			name = BeMoreAgentTests;
			packageProductDependencies = (
			);
			productName = BeMoreAgentTests;
			productReference = C2619477DC09F87DEF80B84E /* BeMoreAgentTests.xctest */;
			productType = "com.apple.product-type.bundle.unit-test";
		};
/* End PBXNativeTarget section */

/* Begin PBXProject section */
		45BBB0D016542C9F6209A3AB /* Project object */ = {
			isa = PBXProject;
			attributes = {
				BuildIndependentTargetsInParallel = YES;
				LastUpgradeCheck = 1430;
				TargetAttributes = {
					993454E45436E5322D80D5FF = {
						DevelopmentTeam = DY9FHPRZA9;
						ProvisioningStyle = Automatic;
					};
					9CC61451448879F908CAE7B7 = {
						DevelopmentTeam = DY9FHPRZA9;
						ProvisioningStyle = Automatic;
					};
				};
			};
			buildConfigurationList = F0FF4E3E2D3304DAC88AD812 /* Build configuration list for PBXProject "BeMoreAgent" */;
			developmentRegion = en;
			hasScannedForEncodings = 0;
			knownRegions = (
				Base,
				en,
			);
			mainGroup = 644A1062CBEA9EF1CA511EE5;
			minimizedProjectReferenceProxies = 1;
			preferredProjectObjectVersion = 77;
			productRefGroup = 13C8E5A7E5CBDE23DC866ABA /* Products */;
			projectDirPath = "";
			projectRoot = "";
			targets = (
				993454E45436E5322D80D5FF /* BeMoreAgent */,
				9CC61451448879F908CAE7B7 /* BeMoreAgentTests */,
			);
		};
/* End PBXProject section */

/* Begin PBXResourcesBuildPhase section */
		BFC962CFF824BF7F234CEDDB /* Resources */ = {
			isa = PBXResourcesBuildPhase;
			buildActionMask = 2147483647;
			files = (
				123B73ACB2A5603DAF42148D /* ADMIN_TESTFLIGHT_RUNBOOK.md in Resources */,
				67349CD4776A811D3D278F81 /* Assets.xcassets in Resources */,
				1336256F8F8FA06AF0952F7E /* BUDDY_SYSTEM.md in Resources */,
				9AA239FBAEDB1C18C1766BFE /* COUNCIL_STARTER_PACK.md in Resources */,
				129BA1E8296E3C91F12E4584 /* MISSION_CONTROL.md in Resources */,
				A73CD75488A81D76365CFE7D /* POKEMON_CHAMPIONS_TEAM_BUILDER_BACKEND.md in Resources */,
				FBC7F25D33532441BDAB3A02 /* buddy-creation-options.schema.json in Resources */,
				9D76FB6A7ADCB8C3FFA2DE0E /* buddy-creation-options.v1.json in Resources */,
				D1935ADE83AEE473694B728A /* buddy-instance.example.v1.json in Resources */,
				63E1AB83DF78D6D15F6DCBF4 /* buddy-instance.schema.json in Resources */,
				FF9377EA1093A057E09ED1A0 /* buddy-progression.v1.json in Resources */,
				C47339F6A54FB6C4EF874EA8 /* buddy-runtime-events.example.v1.json in Resources */,
				15CA2612F5AF8F3A4F69C1E0 /* buddy-runtime-events.schema.json in Resources */,
				23CD030FD3A9AEF27CE63E43 /* buddy-runtime-events.v1.json in Resources */,
				C639D25D5E2D872067C674F8 /* buddy-state-machine.example.v1.json in Resources */,
				EF8F39A3E6226FFA1FD3E9A4 /* buddy-state-machine.schema.json in Resources */,
				DB0C61D1FF1A5A2BBF064815 /* buddy-state-machine.v1.json in Resources */,
				CDD4A87BC4D4ECAF20C7874C /* buddy-system.schema.json in Resources */,
				D48843F80B42A547C25F461F /* buddy-template-package.example.v1.json in Resources */,
				252CC362EE9927FFEDBB2AE2 /* buddy-template-package.schema.json in Resources */,
				324059BDEBAB61A0B8DB7C63 /* council-starter-pack.v1.json in Resources */,
				ECE2B1BCF7ADF9361EA26F0F /* editor.html in Resources */,
			);
			runOnlyForDeploymentPostprocessing = 0;
		};
/* End PBXResourcesBuildPhase section */

/* Begin PBXSourcesBuildPhase section */
		0EB8D4A964FB33841F50725B /* Sources */ = {
			isa = PBXSourcesBuildPhase;
			buildActionMask = 2147483647;
			files = (
				6684DE31954D8313EBB13921 /* AppModels.swift in Sources */,
				90814EB8783C8EFEB8A94F18 /* AppPreferences.swift in Sources */,
				050E8AC29BD71DD2CE624EC5 /* AppState+OnboardingReset.swift in Sources */,
				271688E0D409AFEE6CE5B8C0 /* AppleIntegrationSettingsView.swift in Sources */,
				69BA97F350DA93D8F966606A /* ArtifactsView.swift in Sources */,
				4044F16C457AD98E1350DDB3 /* BeMoreAgentApp.swift in Sources */,
				143E627CD370A25348F1EE39 /* BeMoreCapabilityMirror.swift in Sources */,
				523A3B52D28C70E9E6476CFB /* BeMoreChatDispatch.swift in Sources */,
				0D0CAABB2A9B819C5AFD0056 /* BeMoreLinkedRelayStore.swift in Sources */,
				7D4C15F6FAEB07492896E9D1 /* BeMoreWorkspaceRuntime.swift in Sources */,
				A73ED1108EC89C9B4580958C /* BuddyAppearanceEditorView.swift in Sources */,
				D4F021ABEBFC91C457C251A9 /* BuddyAppleIntegrationService.swift in Sources */,
				93C6FB195AC3C07900FFCFB7 /* BuddyAsciiView.swift in Sources */,
				50365E3A78BD5C7DB71DD54A /* BuddyContractLoader.swift in Sources */,
				6BC350868381F16E8199CD6E /* BuddyContracts.swift in Sources */,
				0DB2ADC68BA8B2CD88033CFC /* BuddyEventEngine.swift in Sources */,
				BF4EEB5D484119D04A9819D3 /* BuddyInstanceStore.swift in Sources */,
				5CEC725C0477EFC1903BC9AE /* BuddyMarkdownRenderer.swift in Sources */,
				FD091942C87E94F5B1F5EC2F /* BuddyMessageComposer.swift in Sources */,
				6A87E02CC7A3602254406DB9 /* BuddyPixelView.swift in Sources */,
				2B532B75996A8306DEBBDB63 /* BuddySections.swift in Sources */,
				BAF75EAB0C211D2B9B0CDF5E /* BuddyShortcuts.swift in Sources */,
				83A11B17893B64B97F6CF38D /* BuddyView.swift in Sources */,
				6C4ADB58761FA8CEA89CF1A4 /* BuddyVisualView.swift in Sources */,
				91CF6BDC5C6CE18758B13E59 /* ChatTabView.swift in Sources */,
				55862E2F2FD3476F95722B97 /* ChatView.swift in Sources */,
				5596A7B35B00C574CFA4D042 /* ContentView.swift in Sources */,
				3DF5F42B1B208483D3C8805C /* EditorView.swift in Sources */,
				7B51EDD38386F3FC74D17039 /* EditorWebView.swift in Sources */,
				A5DD7CD4F73FFCC187AA6A14 /* FilesTabView.swift in Sources */,
				33099B3104DA8E4B77CB5CCF /* FilesView.swift in Sources */,
				03402B039CF9DF45B54DF223 /* GitHubService.swift in Sources */,
				A2B833399061B09486FEB56D /* HomeTabView.swift in Sources */,
				AE4D1A93396B133A57CFDC79 /* HomeView.swift in Sources */,
				8C14C88CEDFDDA7836EB7278 /* LinkedAccountSettingsView.swift in Sources */,
				5EF24DF578605E311326E970 /* LinkedAccountStore.swift in Sources */,
				BF8E5BCB05A83570D4481A71 /* MacPairingView.swift in Sources */,
				66FC0371CE918F710A319FA1 /* MissionControlView.swift in Sources */,
				C05B124C2FD782605FF3DB84 /* ModelsTabView.swift in Sources */,
				D666BEEE38D2479A7B2919ED /* ModelsView.swift in Sources */,
				FE9337F8299C2883890D1087 /* OAuthLinkService.swift in Sources */,
				132AA71CEB44E6806B13FA31 /* OnboardingFlow.swift in Sources */,
				6E28F92E146D9B4118987240 /* PixelStudioModels.swift in Sources */,
				0D3B8230B5D99762D5B97A87 /* PixelStudioNativeCanvasView.swift in Sources */,
				647B852D7F0297D70A75E6C1 /* PixelStudioNativeEditor.swift in Sources */,
				F869E1F0C2B2B542A9673800 /* PricingView.swift in Sources */,
				D7DC9D1211CEA93782CADFB7 /* RepoSurfaceDetailView.swift in Sources */,
				0AE4B7EF34A1275D3EB24F44 /* RuntimeServices.swift in Sources */,
				4855967C3F46D35084EC248A /* SettingsView.swift in Sources */,
				5F23F3B5B7020FEA4AD355A5 /* StackBuilderModels.swift in Sources */,
				75CCEEDDDA846FF59E32043B /* StackBuilderStore.swift in Sources */,
				F4D829FD2A5C7E6D652079C9 /* TextShareSheet.swift in Sources */,
				830F08B0EAACB13939F40450 /* Theme.swift in Sources */,
				FE821C82F92F3F06487FEECD /* WebBrowserService.swift in Sources */,
			);
			runOnlyForDeploymentPostprocessing = 0;
		};
		BF71687D7EA753661B270C5A /* Sources */ = {
			isa = PBXSourcesBuildPhase;
			buildActionMask = 2147483647;
			files = (
				2464451FB6121B2014117546 /* AppStateRuntimeTests.swift in Sources */,
				9F4F08017919E300A977DB45 /* BeMoreCapabilityMirrorTests.swift in Sources */,
				AB5F790ED8DBD20ABCFB9237 /* BeMoreChatDispatchTests.swift in Sources */,
				DC499597B6A14E3FC52DFCE8 /* BuddyRuntimeTests.swift in Sources */,
				0399E2C3FC3CE96A33636492 /* LinkedAccountFlowTests.swift in Sources */,
				16B10AB4B3797A3604750520 /* PixelStudioStoreTests.swift in Sources */,
			);
			runOnlyForDeploymentPostprocessing = 0;
		};
/* End PBXSourcesBuildPhase section */

/* Begin PBXTargetDependency section */
		EB68BB5B958753345A693C06 /* PBXTargetDependency */ = {
			isa = PBXTargetDependency;
			target = 993454E45436E5322D80D5FF /* BeMoreAgent */;
			targetProxy = A387D53D1F5B4F72FB087EB6 /* PBXContainerItemProxy */;
		};
/* End PBXTargetDependency section */

/* Begin XCBuildConfiguration section */
		4C09C74F233E8AAEE017ED5D /* Release */ = {
			isa = XCBuildConfiguration;
			buildSettings = {
				BUNDLE_LOADER = "$(TEST_HOST)";
				CODE_SIGN_STYLE = Automatic;
				DEVELOPMENT_TEAM = DY9FHPRZA9;
				GENERATE_INFOPLIST_FILE = YES;
				LD_RUNPATH_SEARCH_PATHS = (
					"$(inherited)",
					"@executable_path/Frameworks",
					"@loader_path/Frameworks",
				);
				PRODUCT_BUNDLE_IDENTIFIER = BeMoreAgentTests;
				SDKROOT = iphoneos;
				TARGETED_DEVICE_FAMILY = "1,2";
				TEST_HOST = "$(BUILT_PRODUCTS_DIR)/BeMoreAgent.app/BeMoreAgent";
			};
			name = Release;
		};
		9321E975C0E02060173C282B /* Debug */ = {
			isa = XCBuildConfiguration;
			buildSettings = {
				BUNDLE_LOADER = "$(TEST_HOST)";
				CODE_SIGN_STYLE = Automatic;
				DEVELOPMENT_TEAM = DY9FHPRZA9;
				GENERATE_INFOPLIST_FILE = YES;
				LD_RUNPATH_SEARCH_PATHS = (
					"$(inherited)",
					"@executable_path/Frameworks",
					"@loader_path/Frameworks",
				);
				PRODUCT_BUNDLE_IDENTIFIER = BeMoreAgentTests;
				SDKROOT = iphoneos;
				TARGETED_DEVICE_FAMILY = "1,2";
				TEST_HOST = "$(BUILT_PRODUCTS_DIR)/BeMoreAgent.app/BeMoreAgent";
			};
			name = Debug;
		};
		AB8617AC80E84AC3BB6AECAC /* Release */ = {
			isa = XCBuildConfiguration;
			buildSettings = {
				ALWAYS_SEARCH_USER_PATHS = NO;
				CLANG_ANALYZER_NONNULL = YES;
				CLANG_ANALYZER_NUMBER_OBJECT_CONVERSION = YES_AGGRESSIVE;
				CLANG_CXX_LANGUAGE_STANDARD = "gnu++14";
				CLANG_CXX_LIBRARY = "libc++";
				CLANG_ENABLE_MODULES = YES;
				CLANG_ENABLE_OBJC_ARC = YES;
				CLANG_ENABLE_OBJC_WEAK = YES;
				CLANG_WARN_BLOCK_CAPTURE_AUTORELEASING = YES;
				CLANG_WARN_BOOL_CONVERSION = YES;
				CLANG_WARN_COMMA = YES;
				CLANG_WARN_CONSTANT_CONVERSION = YES;
				CLANG_WARN_DEPRECATED_OBJC_IMPLEMENTATIONS = YES;
				CLANG_WARN_DIRECT_OBJC_ISA_USAGE = YES_ERROR;
				CLANG_WARN_DOCUMENTATION_COMMENTS = YES;
				CLANG_WARN_EMPTY_BODY = YES;
				CLANG_WARN_ENUM_CONVERSION = YES;
				CLANG_WARN_INFINITE_RECURSION = YES;
				CLANG_WARN_INT_CONVERSION = YES;
				CLANG_WARN_NON_LITERAL_NULL_CONVERSION = YES;
				CLANG_WARN_OBJC_IMPLICIT_RETAIN_SELF = YES;
				CLANG_WARN_OBJC_LITERAL_CONVERSION = YES;
				CLANG_WARN_OBJC_ROOT_CLASS = YES_ERROR;
				CLANG_WARN_QUOTED_INCLUDE_IN_FRAMEWORK_HEADER = YES;
				CLANG_WARN_RANGE_LOOP_ANALYSIS = YES;
				CLANG_WARN_STRICT_PROTOTYPES = YES;
				CLANG_WARN_SUSPICIOUS_MOVE = YES;
				CLANG_WARN_UNGUARDED_AVAILABILITY = YES_AGGRESSIVE;
				CLANG_WARN_UNREACHABLE_CODE = YES;
				CLANG_WARN__DUPLICATE_METHOD_MATCH = YES;
				COPY_PHASE_STRIP = NO;
				DEBUG_INFORMATION_FORMAT = "dwarf-with-dsym";
				ENABLE_NS_ASSERTIONS = NO;
				ENABLE_STRICT_OBJC_MSGSEND = YES;
				GCC_C_LANGUAGE_STANDARD = gnu11;
				GCC_NO_COMMON_BLOCKS = YES;
				GCC_WARN_64_TO_32_BIT_CONVERSION = YES;
				GCC_WARN_ABOUT_RETURN_TYPE = YES_ERROR;
				GCC_WARN_UNDECLARED_SELECTOR = YES;
				GCC_WARN_UNINITIALIZED_AUTOS = YES_AGGRESSIVE;
				GCC_WARN_UNUSED_FUNCTION = YES;
				GCC_WARN_UNUSED_VARIABLE = YES;
				IPHONEOS_DEPLOYMENT_TARGET = 26.0;
				MTL_ENABLE_DEBUG_INFO = NO;
				MTL_FAST_MATH = YES;
				PRODUCT_NAME = "$(TARGET_NAME)";
				SDKROOT = iphoneos;
				SWIFT_COMPILATION_MODE = wholemodule;
				SWIFT_OPTIMIZATION_LEVEL = "-O";
				SWIFT_VERSION = 5.9;
			};
			name = Release;
		};
		DBB0009374C9BA533EE0B12D /* Debug */ = {
			isa = XCBuildConfiguration;
			buildSettings = {
				ASSETCATALOG_COMPILER_APPICON_NAME = AppIcon;
				CODE_SIGN_IDENTITY = "iPhone Developer";
				CODE_SIGN_STYLE = Automatic;
				DEVELOPMENT_TEAM = DY9FHPRZA9;
				INFOPLIST_FILE = BeMoreAgentShell/Info.plist;
				INFOPLIST_KEY_CFBundleIdentifier = BeMoreAgent;
				LD_RUNPATH_SEARCH_PATHS = (
					"$(inherited)",
					"@executable_path/Frameworks",
				);
				PRODUCT_BUNDLE_IDENTIFIER = BeMoreAgent;
				PRODUCT_NAME = BeMoreAgent;
				SDKROOT = iphoneos;
				TARGETED_DEVICE_FAMILY = "1,2";
			};
			name = Debug;
		};
		E6371BD10B8123BD69A893D9 /* Release */ = {
			isa = XCBuildConfiguration;
			buildSettings = {
				ASSETCATALOG_COMPILER_APPICON_NAME = AppIcon;
				CODE_SIGN_IDENTITY = "iPhone Developer";
				CODE_SIGN_STYLE = Automatic;
				DEVELOPMENT_TEAM = DY9FHPRZA9;
				INFOPLIST_FILE = BeMoreAgentShell/Info.plist;
				INFOPLIST_KEY_CFBundleIdentifier = BeMoreAgent;
				LD_RUNPATH_SEARCH_PATHS = (
					"$(inherited)",
					"@executable_path/Frameworks",
				);
				PRODUCT_BUNDLE_IDENTIFIER = BeMoreAgent;
				PRODUCT_NAME = BeMoreAgent;
				SDKROOT = iphoneos;
				TARGETED_DEVICE_FAMILY = "1,2";
			};
			name = Release;
		};
		F0040521141EFB4D3173D141 /* Debug */ = {
			isa = XCBuildConfiguration;
			buildSettings = {
				ALWAYS_SEARCH_USER_PATHS = NO;
				CLANG_ANALYZER_NONNULL = YES;
				CLANG_ANALYZER_NUMBER_OBJECT_CONVERSION = YES_AGGRESSIVE;
				CLANG_CXX_LANGUAGE_STANDARD = "gnu++14";
				CLANG_CXX_LIBRARY = "libc++";
				CLANG_ENABLE_MODULES = YES;
				CLANG_ENABLE_OBJC_ARC = YES;
				CLANG_ENABLE_OBJC_WEAK = YES;
				CLANG_WARN_BLOCK_CAPTURE_AUTORELEASING = YES;
				CLANG_WARN_BOOL_CONVERSION = YES;
				CLANG_WARN_COMMA = YES;
				CLANG_WARN_CONSTANT_CONVERSION = YES;
				CLANG_WARN_DEPRECATED_OBJC_IMPLEMENTATIONS = YES;
				CLANG_WARN_DIRECT_OBJC_ISA_USAGE = YES_ERROR;
				CLANG_WARN_DOCUMENTATION_COMMENTS = YES;
				CLANG_WARN_EMPTY_BODY = YES;
				CLANG_WARN_ENUM_CONVERSION = YES;
				CLANG_WARN_INFINITE_RECURSION = YES;
				CLANG_WARN_INT_CONVERSION = YES;
				CLANG_WARN_NON_LITERAL_NULL_CONVERSION = YES;
				CLANG_WARN_OBJC_IMPLICIT_RETAIN_SELF = YES;
				CLANG_WARN_OBJC_LITERAL_CONVERSION = YES;
				CLANG_WARN_OBJC_ROOT_CLASS = YES_ERROR;
				CLANG_WARN_QUOTED_INCLUDE_IN_FRAMEWORK_HEADER = YES;
				CLANG_WARN_RANGE_LOOP_ANALYSIS = YES;
				CLANG_WARN_STRICT_PROTOTYPES = YES;
				CLANG_WARN_SUSPICIOUS_MOVE = YES;
				CLANG_WARN_UNGUARDED_AVAILABILITY = YES_AGGRESSIVE;
				CLANG_WARN_UNREACHABLE_CODE = YES;
				CLANG_WARN__DUPLICATE_METHOD_MATCH = YES;
				COPY_PHASE_STRIP = NO;
				DEBUG_INFORMATION_FORMAT = dwarf;
				ENABLE_STRICT_OBJC_MSGSEND = YES;
				ENABLE_TESTABILITY = YES;
				GCC_C_LANGUAGE_STANDARD = gnu11;
				GCC_DYNAMIC_NO_PIC = NO;
				GCC_NO_COMMON_BLOCKS = YES;
				GCC_OPTIMIZATION_LEVEL = 0;
				GCC_PREPROCESSOR_DEFINITIONS = (
					"$(inherited)",
					"DEBUG=1",
				);
				GCC_WARN_64_TO_32_BIT_CONVERSION = YES;
				GCC_WARN_ABOUT_RETURN_TYPE = YES_ERROR;
				GCC_WARN_UNDECLARED_SELECTOR = YES;
				GCC_WARN_UNINITIALIZED_AUTOS = YES_AGGRESSIVE;
				GCC_WARN_UNUSED_FUNCTION = YES;
				GCC_WARN_UNUSED_VARIABLE = YES;
				IPHONEOS_DEPLOYMENT_TARGET = 26.0;
				MTL_ENABLE_DEBUG_INFO = INCLUDE_SOURCE;
				MTL_FAST_MATH = YES;
				ONLY_ACTIVE_ARCH = YES;
				PRODUCT_NAME = "$(TARGET_NAME)";
				SDKROOT = iphoneos;
				SWIFT_ACTIVE_COMPILATION_CONDITIONS = DEBUG;
				SWIFT_OPTIMIZATION_LEVEL = "-Onone";
				SWIFT_VERSION = 5.9;
			};
			name = Debug;
		};
/* End XCBuildConfiguration section */

/* Begin XCConfigurationList section */
		1AD4919E8188D164C8BD4B6C /* Build configuration list for PBXNativeTarget "BeMoreAgentTests" */ = {
			isa = XCConfigurationList;
			buildConfigurations = (
				9321E975C0E02060173C282B /* Debug */,
				4C09C74F233E8AAEE017ED5D /* Release */,
			);
			defaultConfigurationIsVisible = 0;
			defaultConfigurationName = Debug;
		};
		F0FF4E3E2D3304DAC88AD812 /* Build configuration list for PBXProject "BeMoreAgent" */ = {
			isa = XCConfigurationList;
			buildConfigurations = (
				F0040521141EFB4D3173D141 /* Debug */,
				AB8617AC80E84AC3BB6AECAC /* Release */,
			);
			defaultConfigurationIsVisible = 0;
			defaultConfigurationName = Debug;
		};
		F73DE249EBD8EEFB81DE7FCA /* Build configuration list for PBXNativeTarget "BeMoreAgent" */ = {
			isa = XCConfigurationList;
			buildConfigurations = (
				DBB0009374C9BA533EE0B12D /* Debug */,
				E6371BD10B8123BD69A893D9 /* Release */,
			);
			defaultConfigurationIsVisible = 0;
			defaultConfigurationName = Debug;
		};
/* End XCConfigurationList section */
	};
	rootObject = 45BBB0D016542C9F6209A3AB /* Project object */;
}